# This file is automatically @generated by Cargo.
# It is not intended for manual editing.
version = 4

[[package]]
name = "nexa-core"
version = "0.3.2"

[[package]]
name = "nexa-interop"
version = "0.3.2"
dependencies = [
 "nexa-core",
 "nexa-tree",
 "nexa-vfs",
]

[[package]]
name = "nexa-tree"
version = "0.3.2"
dependencies = [
 "nexa-core",
 "nexa-vfs",
]

[[package]]
name = "nexa-vfs"
version = "0.3.2"
dependencies = [
 "nexa-core",
]
