# This file is automatically @generated by Cargo.
# It is not intended for manual editing.
version = 4

[[package]]
name = "nexa-core"
version = "0.0.0"

[[package]]
name = "nexa-interop"
version = "0.0.0"
dependencies = [
 "nexa-core",
]

[[package]]
name = "nexa-vfs"
version = "0.0.0"
dependencies = [
 "nexa-core",
]
